
Microsoft Visual Studio Solution File, Format Version 12.00
# Visual Studio Version 17
VisualStudioVersion = 17.6.33829.357
MinimumVisualStudioVersion = 10.0.40219.1
Project("{9A19103F-16F7-4668-BE54-9A1E7A4F7556}") = "OrderApi", "OrderApi.csproj", "{07DAA53B-DC2A-43EA-B6E2-175367918EAB}"
EndProject
Global
	GlobalSection(SolutionConfigurationPlatforms) = preSolution
		Debug|Any CPU = Debug|Any CPU
		Release|Any CPU = Release|Any CPU
	EndGlobalSection
	GlobalSection(ProjectConfigurationPlatforms) = postSolution
		{07DAA53B-DC2A-43EA-B6E2-175367918EAB}.Debug|Any CPU.ActiveCfg = Debug|Any CPU
		{07DAA53B-DC2A-43EA-B6E2-175367918EAB}.Debug|Any CPU.Build.0 = Debug|Any CPU
		{07DAA53B-DC2A-43EA-B6E2-175367918EAB}.Release|Any CPU.ActiveCfg = Release|Any CPU
		{07DAA53B-DC2A-43EA-B6E2-175367918EAB}.Release|Any CPU.Build.0 = Release|Any CPU
	EndGlobalSection
	GlobalSection(SolutionProperties) = preSolution
		HideSolutionNode = FALSE
	EndGlobalSection
	GlobalSection(ExtensibilityGlobals) = postSolution
		SolutionGuid = {5ECEECC2-2AC4-44EA-928D-7D942CF00989}
	EndGlobalSection
EndGlobal
